
Microsoft Visual Studio Solution File, Format Version 12.00
# Visual Studio Version 16
VisualStudioVersion = 16.0.31019.35
MinimumVisualStudioVersion = 10.0.40219.1
Project("{FAE04EC0-301F-11D3-BF4B-00C04F79EFBC}") = "Proyecto1", "Proyecto1.csproj", "{03B4FACF-347C-4158-8A26-95C503262867}"
EndProject
Global
	GlobalSection(SolutionConfigurationPlatforms) = preSolution
		Debug|Any CPU = Debug|Any CPU
		Release|Any CPU = Release|Any CPU
	EndGlobalSection
	GlobalSection(ProjectConfigurationPlatforms) = postSolution
		{03B4FACF-347C-4158-8A26-95C503262867}.Debug|Any CPU.ActiveCfg = Debug|Any CPU
		{03B4FACF-347C-4158-8A26-95C503262867}.Debug|Any CPU.Build.0 = Debug|Any CPU
		{03B4FACF-347C-4158-8A26-95C503262867}.Release|Any CPU.ActiveCfg = Release|Any CPU
		{03B4FACF-347C-4158-8A26-95C503262867}.Release|Any CPU.Build.0 = Release|Any CPU
	EndGlobalSection
	GlobalSection(SolutionProperties) = preSolution
		HideSolutionNode = FALSE
	EndGlobalSection
	GlobalSection(ExtensibilityGlobals) = postSolution
		SolutionGuid = {04A0D222-4DC5-40C8-841D-5CB7C9B48FC9}
	EndGlobalSection
EndGlobal
